// !$*UTF8*$!
{
	archiveVersion = 1;
	classes = {
	};
	objectVersion = 50;
	objects = {

/* Begin PBXBuildFile section */
		CC30DE3025007A0D00DFCBDC /* AppDelegate.swift in Sources */ = {isa = PBXBuildFile; fileRef = CC30DE2F25007A0D00DFCBDC /* AppDelegate.swift */; };
		CC30DE3225007A0D00DFCBDC /* SceneDelegate.swift in Sources */ = {isa = PBXBuildFile; fileRef = CC30DE3125007A0D00DFCBDC /* SceneDelegate.swift */; };
		CC30DE3425007A0D00DFCBDC /* ViewController.swift in Sources */ = {isa = PBXBuildFile; fileRef = CC30DE3325007A0D00DFCBDC /* ViewController.swift */; };
		CC30DE3925007A0D00DFCBDC /* Assets.xcassets in Resources */ = {isa = PBXBuildFile; fileRef = CC30DE3825007A0D00DFCBDC /* Assets.xcassets */; };
		CC30DE3C25007A0D00DFCBDC /* LaunchScreen.storyboard in Resources */ = {isa = PBXBuildFile; fileRef = CC30DE3A25007A0D00DFCBDC /* LaunchScreen.storyboard */; };
		CC30DE4425007AC300DFCBDC /* art.scnassets in Resources */ = {isa = PBXBuildFile; fileRef = CC30DE4325007AC300DFCBDC /* art.scnassets */; };
		CCD80591251046C3009EFE74 /* audio.m4a in Resources */ = {isa = PBXBuildFile; fileRef = CCD80590251046C3009EFE74 /* audio.m4a */; };
/* End PBXBuildFile section */

/* Begin PBXFileReference section */
		CC30DE2C25007A0D00DFCBDC /* AudioExp.app */ = {isa = PBXFileReference; explicitFileType = wrapper.application; includeInIndex = 0; path = AudioExp.app; sourceTree = BUILT_PRODUCTS_DIR; };
		CC30DE2F25007A0D00DFCBDC /* AppDelegate.swift */ = {isa = PBXFileReference; lastKnownFileType = sourcecode.swift; path = AppDelegate.swift; sourceTree = "<group>"; };
		CC30DE3125007A0D00DFCBDC /* SceneDelegate.swift */ = {isa = PBXFileReference; lastKnownFileType = sourcecode.swift; path = SceneDelegate.swift; sourceTree = "<group>"; };
		CC30DE3325007A0D00DFCBDC /* ViewController.swift */ = {isa = PBXFileReference; lastKnownFileType = sourcecode.swift; path = ViewController.swift; sourceTree = "<group>"; };
		CC30DE3825007A0D00DFCBDC /* Assets.xcassets */ = {isa = PBXFileReference; lastKnownFileType = folder.assetcatalog; path = Assets.xcassets; sourceTree = "<group>"; };
		CC30DE3B25007A0D00DFCBDC /* Base */ = {isa = PBXFileReference; lastKnownFileType = file.storyboard; name = Base; path = Base.lproj/LaunchScreen.storyboard; sourceTree = "<group>"; };
		CC30DE3D25007A0D00DFCBDC /* Info.plist */ = {isa = PBXFileReference; lastKnownFileType = text.plist.xml; path = Info.plist; sourceTree = "<group>"; };
		CC30DE4325007AC300DFCBDC /* art.scnassets */ = {isa = PBXFileReference; lastKnownFileType = wrapper.scnassets; path = art.scnassets; sourceTree = "<group>"; };
		CCD80590251046C3009EFE74 /* audio.m4a */ = {isa = PBXFileReference; lastKnownFileType = file; path = audio.m4a; sourceTree = "<group>"; };
/* End PBXFileReference section */

/* Begin PBXFrameworksBuildPhase section */
		CC30DE2925007A0D00DFCBDC /* Frameworks */ = {
			isa = PBXFrameworksBuildPhase;
			buildActionMask = 2147483647;
			files = (
			);
			runOnlyForDeploymentPostprocessing = 0;
		};
/* End PBXFrameworksBuildPhase section */

/* Begin PBXGroup section */
		CC30DE2325007A0D00DFCBDC = {
			isa = PBXGroup;
			children = (
				CC30DE2E25007A0D00DFCBDC /* AudioExp */,
				CC30DE2D25007A0D00DFCBDC /* Products */,
			);
			sourceTree = "<group>";
		};
		CC30DE2D25007A0D00DFCBDC /* Products */ = {
			isa = PBXGroup;
			children = (
				CC30DE2C25007A0D00DFCBDC /* AudioExp.app */,
			);
			name = Products;
			sourceTree = "<group>";
		};
		CC30DE2E25007A0D00DFCBDC /* AudioExp */ = {
			isa = PBXGroup;
			children = (
				CC30DE2F25007A0D00DFCBDC /* AppDelegate.swift */,
				CC30DE3125007A0D00DFCBDC /* SceneDelegate.swift */,
				CC30DE3325007A0D00DFCBDC /* ViewController.swift */,
				CCD80590251046C3009EFE74 /* audio.m4a */,
				CC30DE4325007AC300DFCBDC /* art.scnassets */,
				CC30DE3825007A0D00DFCBDC /* Assets.xcassets */,
				CC30DE3A25007A0D00DFCBDC /* LaunchScreen.storyboard */,
				CC30DE3D25007A0D00DFCBDC /* Info.plist */,
			);
			path = AudioExp;
			sourceTree = "<group>";
		};
/* End PBXGroup section */

/* Begin PBXNativeTarget section */
		CC30DE2B25007A0D00DFCBDC /* AudioExp */ = {
			isa = PBXNativeTarget;
			buildConfigurationList = CC30DE4025007A0D00DFCBDC /* Build configuration list for PBXNativeTarget "AudioExp" */;
			buildPhases = (
				CC30DE2825007A0D00DFCBDC /* Sources */,
				CC30DE2925007A0D00DFCBDC /* Frameworks */,
				CC30DE2A25007A0D00DFCBDC /* Resources */,
			);
			buildRules = (
			);
			dependencies = (
			);
			name = AudioExp;
			productName = AudioExp;
			productReference = CC30DE2C25007A0D00DFCBDC /* AudioExp.app */;
			productType = "com.apple.product-type.application";
		};
/* End PBXNativeTarget section */

/* Begin PBXProject section */
		CC30DE2425007A0D00DFCBDC /* Project object */ = {
			isa = PBXProject;
			attributes = {
				LastSwiftUpdateCheck = 1200;
				LastUpgradeCheck = 1200;
				TargetAttributes = {
					CC30DE2B25007A0D00DFCBDC = {
						CreatedOnToolsVersion = 12.0;
					};
				};
			};
			buildConfigurationList = CC30DE2725007A0D00DFCBDC /* Build configuration list for PBXProject "AudioExp" */;
			compatibilityVersion = "Xcode 9.3";
			developmentRegion = en;
			hasScannedForEncodings = 0;
			knownRegions = (
				en,
				Base,
			);
			mainGroup = CC30DE2325007A0D00DFCBDC;
			productRefGroup = CC30DE2D25007A0D00DFCBDC /* Products */;
			projectDirPath = "";
			projectRoot = "";
			targets = (
				CC30DE2B25007A0D00DFCBDC /* AudioExp */,
			);
		};
/* End PBXProject section */

/* Begin PBXResourcesBuildPhase section */
		CC30DE2A25007A0D00DFCBDC /* Resources */ = {
			isa = PBXResourcesBuildPhase;
			buildActionMask = 2147483647;
			files = (
				CC30DE3C25007A0D00DFCBDC /* LaunchScreen.storyboard in Resources */,
				CC30DE4425007AC300DFCBDC /* art.scnassets in Resources */,
				CC30DE3925007A0D00DFCBDC /* Assets.xcassets in Resources */,
				CCD80591251046C3009EFE74 /* audio.m4a in Resources */,
			);
			runOnlyForDeploymentPostprocessing = 0;
		};
/* End PBXResourcesBuildPhase section */

/* Begin PBXSourcesBuildPhase section */
		CC30DE2825007A0D00DFCBDC /* Sources */ = {
			isa = PBXSourcesBuildPhase;
			buildActionMask = 2147483647;
			files = (
				CC30DE3425007A0D00DFCBDC /* ViewController.swift in Sources */,
				CC30DE3025007A0D00DFCBDC /* AppDelegate.swift in Sources */,
				CC30DE3225007A0D00DFCBDC /* SceneDelegate.swift in Sources */,
			);
			runOnlyForDeploymentPostprocessing = 0;
		};
/* End PBXSourcesBuildPhase section */

/* Begin PBXVariantGroup section */
		CC30DE3A25007A0D00DFCBDC /* LaunchScreen.storyboard */ = {
			isa = PBXVariantGroup;
			children = (
				CC30DE3B25007A0D00DFCBDC /* Base */,
			);
			name = LaunchScreen.storyboard;
			sourceTree = "<group>";
		};
/* End PBXVariantGroup section */

/* Begin XCBuildConfiguration section */
		CC30DE3E25007A0D00DFCBDC /* Debug */ = {
			isa = XCBuildConfiguration;
			buildSettings = {
				ALWAYS_SEARCH_USER_PATHS = NO;
				CLANG_ANALYZER_NONNULL = YES;
				CLANG_ANALYZER_NUMBER_OBJECT_CONVERSION = YES_AGGRESSIVE;
				CLANG_CXX_LANGUAGE_STANDARD = "gnu++14";
				CLANG_CXX_LIBRARY = "libc++";
				CLANG_ENABLE_MODULES = YES;
				CLANG_ENABLE_OBJC_ARC = YES;
				CLANG_ENABLE_OBJC_WEAK = YES;
				CLANG_WARN_BLOCK_CAPTURE_AUTORELEASING = YES;
				CLANG_WARN_BOOL_CONVERSION = YES;
				CLANG_WARN_COMMA = YES;
				CLANG_WARN_CONSTANT_CONVERSION = YES;
				CLANG_WARN_DEPRECATED_OBJC_IMPLEMENTATIONS = YES;
				CLANG_WARN_DIRECT_OBJC_ISA_USAGE = YES_ERROR;
				CLANG_WARN_DOCUMENTATION_COMMENTS = YES;
				CLANG_WARN_EMPTY_BODY = YES;
				CLANG_WARN_ENUM_CONVERSION = YES;
				CLANG_WARN_INFINITE_RECURSION = YES;
				CLANG_WARN_INT_CONVERSION = YES;
				CLANG_WARN_NON_LITERAL_NULL_CONVERSION = YES;
				CLANG_WARN_OBJC_IMPLICIT_RETAIN_SELF = YES;
				CLANG_WARN_OBJC_LITERAL_CONVERSION = YES;
				CLANG_WARN_OBJC_ROOT_CLASS = YES_ERROR;
				CLANG_WARN_QUOTED_INCLUDE_IN_FRAMEWORK_HEADER = YES;
				CLANG_WARN_RANGE_LOOP_ANALYSIS = YES;
				CLANG_WARN_STRICT_PROTOTYPES = YES;
				CLANG_WARN_SUSPICIOUS_MOVE = YES;
				CLANG_WARN_UNGUARDED_AVAILABILITY = YES_AGGRESSIVE;
				CLANG_WARN_UNREACHABLE_CODE = YES;
				CLANG_WARN__DUPLICATE_METHOD_MATCH = YES;
				COPY_PHASE_STRIP = NO;
				DEBUG_INFORMATION_FORMAT = dwarf;
				ENABLE_STRICT_OBJC_MSGSEND = YES;
				ENABLE_TESTABILITY = YES;
				GCC_C_LANGUAGE_STANDARD = gnu11;
				GCC_DYNAMIC_NO_PIC = NO;
				GCC_NO_COMMON_BLOCKS = YES;
				GCC_OPTIMIZATION_LEVEL = 0;
				GCC_PREPROCESSOR_DEFINITIONS = (
					"DEBUG=1",
					"$(inherited)",
				);
				GCC_WARN_64_TO_32_BIT_CONVERSION = YES;
				GCC_WARN_ABOUT_RETURN_TYPE = YES_ERROR;
				GCC_WARN_UNDECLARED_SELECTOR = YES;
				GCC_WARN_UNINITIALIZED_AUTOS = YES_AGGRESSIVE;
				GCC_WARN_UNUSED_FUNCTION = YES;
				GCC_WARN_UNUSED_VARIABLE = YES;
				IPHONEOS_DEPLOYMENT_TARGET = 14.0;
				MTL_ENABLE_DEBUG_INFO = INCLUDE_SOURCE;
				MTL_FAST_MATH = YES;
				ONLY_ACTIVE_ARCH = YES;
				SDKROOT = iphoneos;
				SWIFT_ACTIVE_COMPILATION_CONDITIONS = DEBUG;
				SWIFT_OPTIMIZATION_LEVEL = "-Onone";
			};
			name = Debug;
		};
		CC30DE3F25007A0D00DFCBDC /* Release */ = {
			isa = XCBuildConfiguration;
			buildSettings = {
				ALWAYS_SEARCH_USER_PATHS = NO;
				CLANG_ANALYZER_NONNULL = YES;
				CLANG_ANALYZER_NUMBER_OBJECT_CONVERSION = YES_AGGRESSIVE;
				CLANG_CXX_LANGUAGE_STANDARD = "gnu++14";
				CLANG_CXX_LIBRARY = "libc++";
				CLANG_ENABLE_MODULES = YES;
				CLANG_ENABLE_OBJC_ARC = YES;
				CLANG_ENABLE_OBJC_WEAK = YES;
				CLANG_WARN_BLOCK_CAPTURE_AUTORELEASING = YES;
				CLANG_WARN_BOOL_CONVERSION = YES;
				CLANG_WARN_COMMA = YES;
				CLANG_WARN_CONSTANT_CONVERSION = YES;
				CLANG_WARN_DEPRECATED_OBJC_IMPLEMENTATIONS = YES;
				CLANG_WARN_DIRECT_OBJC_ISA_USAGE = YES_ERROR;
				CLANG_WARN_DOCUMENTATION_COMMENTS = YES;
				CLANG_WARN_EMPTY_BODY = YES;
				CLANG_WARN_ENUM_CONVERSION = YES;
				CLANG_WARN_INFINITE_RECURSION = YES;
				CLANG_WARN_INT_CONVERSION = YES;
				CLANG_WARN_NON_LITERAL_NULL_CONVERSION = YES;
				CLANG_WARN_OBJC_IMPLICIT_RETAIN_SELF = YES;
				CLANG_WARN_OBJC_LITERAL_CONVERSION = YES;
				CLANG_WARN_OBJC_ROOT_CLASS = YES_ERROR;
				CLANG_WARN_QUOTED_INCLUDE_IN_FRAMEWORK_HEADER = YES;
				CLANG_WARN_RANGE_LOOP_ANALYSIS = YES;
				CLANG_WARN_STRICT_PROTOTYPES = YES;
				CLANG_WARN_SUSPICIOUS_MOVE = YES;
				CLANG_WARN_UNGUARDED_AVAILABILITY = YES_AGGRESSIVE;
				CLANG_WARN_UNREACHABLE_CODE = YES;
				CLANG_WARN__DUPLICATE_METHOD_MATCH = YES;
				COPY_PHASE_STRIP = NO;
				DEBUG_INFORMATION_FORMAT = "dwarf-with-dsym";
				ENABLE_NS_ASSERTIONS = NO;
				ENABLE_STRICT_OBJC_MSGSEND = YES;
				GCC_C_LANGUAGE_STANDARD = gnu11;
				GCC_NO_COMMON_BLOCKS = YES;
				GCC_WARN_64_TO_32_BIT_CONVERSION = YES;
				GCC_WARN_ABOUT_RETURN_TYPE = YES_ERROR;
				GCC_WARN_UNDECLARED_SELECTOR = YES;
				GCC_WARN_UNINITIALIZED_AUTOS = YES_AGGRESSIVE;
				GCC_WARN_UNUSED_FUNCTION = YES;
				GCC_WARN_UNUSED_VARIABLE = YES;
				IPHONEOS_DEPLOYMENT_TARGET = 14.0;
				MTL_ENABLE_DEBUG_INFO = NO;
				MTL_FAST_MATH = YES;
				SDKROOT = iphoneos;
				SWIFT_COMPILATION_MODE = wholemodule;
				SWIFT_OPTIMIZATION_LEVEL = "-O";
				VALIDATE_PRODUCT = YES;
			};
			name = Release;
		};
		CC30DE4125007A0D00DFCBDC /* Debug */ = {
			isa = XCBuildConfiguration;
			buildSettings = {
				ASSETCATALOG_COMPILER_APPICON_NAME = AppIcon;
				ASSETCATALOG_COMPILER_GLOBAL_ACCENT_COLOR_NAME = AccentColor;
				CODE_SIGN_STYLE = Automatic;
				DEVELOPMENT_TEAM = 7C2EXSD3YV;
				INFOPLIST_FILE = AudioExp/Info.plist;
				LD_RUNPATH_SEARCH_PATHS = (
					"$(inherited)",
					"@executable_path/Frameworks",
				);
				PRODUCT_BUNDLE_IDENTIFIER = org.oltica.AudioExp;
				PRODUCT_NAME = "$(TARGET_NAME)";
				SWIFT_VERSION = 5.0;
				TARGETED_DEVICE_FAMILY = "1,2";
			};
			name = Debug;
		};
		CC30DE4225007A0D00DFCBDC /* Release */ = {
			isa = XCBuildConfiguration;
			buildSettings = {
				ASSETCATALOG_COMPILER_APPICON_NAME = AppIcon;
				ASSETCATALOG_COMPILER_GLOBAL_ACCENT_COLOR_NAME = AccentColor;
				CODE_SIGN_STYLE = Automatic;
				DEVELOPMENT_TEAM = 7C2EXSD3YV;
				INFOPLIST_FILE = AudioExp/Info.plist;
				LD_RUNPATH_SEARCH_PATHS = (
					"$(inherited)",
					"@executable_path/Frameworks",
				);
				PRODUCT_BUNDLE_IDENTIFIER = org.oltica.AudioExp;
				PRODUCT_NAME = "$(TARGET_NAME)";
				SWIFT_VERSION = 5.0;
				TARGETED_DEVICE_FAMILY = "1,2";
			};
			name = Release;
		};
/* End XCBuildConfiguration section */

/* Begin XCConfigurationList section */
		CC30DE2725007A0D00DFCBDC /* Build configuration list for PBXProject "AudioExp" */ = {
			isa = XCConfigurationList;
			buildConfigurations = (
				CC30DE3E25007A0D00DFCBDC /* Debug */,
				CC30DE3F25007A0D00DFCBDC /* Release */,
			);
			defaultConfigurationIsVisible = 0;
			defaultConfigurationName = Release;
		};
		CC30DE4025007A0D00DFCBDC /* Build configuration list for PBXNativeTarget "AudioExp" */ = {
			isa = XCConfigurationList;
			buildConfigurations = (
				CC30DE4125007A0D00DFCBDC /* Debug */,
				CC30DE4225007A0D00DFCBDC /* Release */,
			);
			defaultConfigurationIsVisible = 0;
			defaultConfigurationName = Release;
		};
/* End XCConfigurationList section */
	};
	rootObject = CC30DE2425007A0D00DFCBDC /* Project object */;
}
